// !$*UTF8*$!
{
	archiveVersion = 1;
	classes = {
	};
	objectVersion = 50;
	objects = {

/* Begin PBXBuildFile section */
		572ABBB521644AE800CAAC08 /* PopularMoviesViewController.swift in Sources */ = {isa = PBXBuildFile; fileRef = 572ABBB421644AE800CAAC08 /* PopularMoviesViewController.swift */; };
		572ABBB721644AF800CAAC08 /* PopularTVSeriesViewController.swift in Sources */ = {isa = PBXBuildFile; fileRef = 572ABBB621644AF800CAAC08 /* PopularTVSeriesViewController.swift */; };
		572ABBB9216456B200CAAC08 /* UpcomingViewController.swift in Sources */ = {isa = PBXBuildFile; fileRef = 572ABBB8216456B200CAAC08 /* UpcomingViewController.swift */; };
		572ABBBB21645ABF00CAAC08 /* DetailViewController.swift in Sources */ = {isa = PBXBuildFile; fileRef = 572ABBBA21645ABF00CAAC08 /* DetailViewController.swift */; };
		5749257A21626BE100E84F79 /* AppDelegate.swift in Sources */ = {isa = PBXBuildFile; fileRef = 5749257921626BE100E84F79 /* AppDelegate.swift */; };
		5749257C21626BE100E84F79 /* PopularViewController.swift in Sources */ = {isa = PBXBuildFile; fileRef = 5749257B21626BE100E84F79 /* PopularViewController.swift */; };
		5749257F21626BE100E84F79 /* Main.storyboard in Resources */ = {isa = PBXBuildFile; fileRef = 5749257D21626BE100E84F79 /* Main.storyboard */; };
		5749258221626BE100E84F79 /* testRappi.xcdatamodeld in Sources */ = {isa = PBXBuildFile; fileRef = 5749258021626BE100E84F79 /* testRappi.xcdatamodeld */; };
		5749258421626BE400E84F79 /* Assets.xcassets in Resources */ = {isa = PBXBuildFile; fileRef = 5749258321626BE400E84F79 /* Assets.xcassets */; };
		5749258721626BE400E84F79 /* LaunchScreen.storyboard in Resources */ = {isa = PBXBuildFile; fileRef = 5749258521626BE400E84F79 /* LaunchScreen.storyboard */; };
		574925972162B5D100E84F79 /* AlertsPresenter.swift in Sources */ = {isa = PBXBuildFile; fileRef = 574925962162B5D100E84F79 /* AlertsPresenter.swift */; };
		5749259A2162B61A00E84F79 /* ServicesNames.swift in Sources */ = {isa = PBXBuildFile; fileRef = 574925992162B61A00E84F79 /* ServicesNames.swift */; };
		5749259E2162B6A200E84F79 /* HttpMethods.swift in Sources */ = {isa = PBXBuildFile; fileRef = 5749259D2162B6A200E84F79 /* HttpMethods.swift */; };
		574925A02162B6E400E84F79 /* APIServices.swift in Sources */ = {isa = PBXBuildFile; fileRef = 5749259F2162B6E400E84F79 /* APIServices.swift */; };
		574925A22162B75F00E84F79 /* ActivityPresenter.swift in Sources */ = {isa = PBXBuildFile; fileRef = 574925A12162B75F00E84F79 /* ActivityPresenter.swift */; };
		574925A52162B93300E84F79 /* DataTypeChanger.swift in Sources */ = {isa = PBXBuildFile; fileRef = 574925A42162B93300E84F79 /* DataTypeChanger.swift */; };
		577E8F642167B7C300797746 /* testRappiTests.swift in Sources */ = {isa = PBXBuildFile; fileRef = 577E8F632167B7C300797746 /* testRappiTests.swift */; };
		57964FB9216586E90062E8C4 /* WebViewController.swift in Sources */ = {isa = PBXBuildFile; fileRef = 57964FB8216586E90062E8C4 /* WebViewController.swift */; };
		57964FBB21658A280062E8C4 /* VideoData.swift in Sources */ = {isa = PBXBuildFile; fileRef = 57964FBA21658A280062E8C4 /* VideoData.swift */; };
		AC99047D2162BCD500676C76 /* Constants.swift in Sources */ = {isa = PBXBuildFile; fileRef = AC99047C2162BCD500676C76 /* Constants.swift */; };
		AC9904802162CE2F00676C76 /* MovieData.swift in Sources */ = {isa = PBXBuildFile; fileRef = AC99047F2162CE2F00676C76 /* MovieData.swift */; };
		AC9904832162CFDF00676C76 /* TVSerieData.swift in Sources */ = {isa = PBXBuildFile; fileRef = AC9904822162CFDF00676C76 /* TVSerieData.swift */; };
		ACC693842163CD8000B0F623 /* MovieCollectionViewCell.swift in Sources */ = {isa = PBXBuildFile; fileRef = ACC693822163CD8000B0F623 /* MovieCollectionViewCell.swift */; };
		ACC693852163CD8000B0F623 /* MovieCollectionViewCell.xib in Resources */ = {isa = PBXBuildFile; fileRef = ACC693832163CD8000B0F623 /* MovieCollectionViewCell.xib */; };
		ACC693882163DEAA00B0F623 /* UIHelper.swift in Sources */ = {isa = PBXBuildFile; fileRef = ACC693872163DEAA00B0F623 /* UIHelper.swift */; };
		ACC6938E21641A5800B0F623 /* TopRatedViewController.swift in Sources */ = {isa = PBXBuildFile; fileRef = ACC6938D21641A5800B0F623 /* TopRatedViewController.swift */; };
		ACC6939421641B6000B0F623 /* TopRatedMoviesViewController.swift in Sources */ = {isa = PBXBuildFile; fileRef = ACC6939321641B6000B0F623 /* TopRatedMoviesViewController.swift */; };
		ACC6939621641B7800B0F623 /* TopRatedTVSeriesViewController.swift in Sources */ = {isa = PBXBuildFile; fileRef = ACC6939521641B7800B0F623 /* TopRatedTVSeriesViewController.swift */; };
		ACD7CC922165341B00039825 /* LoaderFooterView.swift in Sources */ = {isa = PBXBuildFile; fileRef = ACD7CC902165341B00039825 /* LoaderFooterView.swift */; };
		ACD7CC932165341B00039825 /* LoaderFooterView.xib in Resources */ = {isa = PBXBuildFile; fileRef = ACD7CC912165341B00039825 /* LoaderFooterView.xib */; };
		ACD7CC9B216545DD00039825 /* CacheSaver.swift in Sources */ = {isa = PBXBuildFile; fileRef = ACD7CC9A216545DC00039825 /* CacheSaver.swift */; };
		ACD7CC9D2165467300039825 /* MoviesData.swift in Sources */ = {isa = PBXBuildFile; fileRef = ACD7CC9C2165467300039825 /* MoviesData.swift */; };
		ACD7CC9F2165493C00039825 /* TVSeriesData.swift in Sources */ = {isa = PBXBuildFile; fileRef = ACD7CC9E2165493C00039825 /* TVSeriesData.swift */; };
		ACD7CCA321654A2E00039825 /* CacheGetter.swift in Sources */ = {isa = PBXBuildFile; fileRef = ACD7CCA221654A2E00039825 /* CacheGetter.swift */; };
		ACD7CCA52165692A00039825 /* CacheBase.swift in Sources */ = {isa = PBXBuildFile; fileRef = ACD7CCA42165692A00039825 /* CacheBase.swift */; };
		ACD7CCA821656ABC00039825 /* NetworkHelper.swift in Sources */ = {isa = PBXBuildFile; fileRef = ACD7CCA721656ABC00039825 /* NetworkHelper.swift */; };
		ACFD8D702166918F0096D60B /* ImageCacheItem.swift in Sources */ = {isa = PBXBuildFile; fileRef = ACFD8D6F2166918F0096D60B /* ImageCacheItem.swift */; };
		ACFD8D732166920F0096D60B /* CustomImageView.swift in Sources */ = {isa = PBXBuildFile; fileRef = ACFD8D722166920F0096D60B /* CustomImageView.swift */; };
		ACFD8D802166C2F30096D60B /* BaseItem.swift in Sources */ = {isa = PBXBuildFile; fileRef = ACFD8D7F2166C2F30096D60B /* BaseItem.swift */; };
		ACFD8D832166C9190096D60B /* SearchItem.swift in Sources */ = {isa = PBXBuildFile; fileRef = ACFD8D822166C9190096D60B /* SearchItem.swift */; };
		ACFD8D862166CADC0096D60B /* SearchViewController.swift in Sources */ = {isa = PBXBuildFile; fileRef = ACFD8D852166CADC0096D60B /* SearchViewController.swift */; };
/* End PBXBuildFile section */

/* Begin PBXContainerItemProxy section */
		577E8F662167B7C400797746 /* PBXContainerItemProxy */ = {
			isa = PBXContainerItemProxy;
			containerPortal = 5749256E21626BE100E84F79 /* Project object */;
			proxyType = 1;
			remoteGlobalIDString = 5749257521626BE100E84F79;
			remoteInfo = testRappi;
		};
/* End PBXContainerItemProxy section */

/* Begin PBXFileReference section */
		572ABBB421644AE800CAAC08 /* PopularMoviesViewController.swift */ = {isa = PBXFileReference; lastKnownFileType = sourcecode.swift; path = PopularMoviesViewController.swift; sourceTree = "<group>"; };
		572ABBB621644AF800CAAC08 /* PopularTVSeriesViewController.swift */ = {isa = PBXFileReference; lastKnownFileType = sourcecode.swift; path = PopularTVSeriesViewController.swift; sourceTree = "<group>"; };
		572ABBB8216456B200CAAC08 /* UpcomingViewController.swift */ = {isa = PBXFileReference; lastKnownFileType = sourcecode.swift; name = UpcomingViewController.swift; path = testRappi/Controllers/TabBarControllers/Upcoming/UpcomingViewController.swift; sourceTree = SOURCE_ROOT; };
		572ABBBA21645ABF00CAAC08 /* DetailViewController.swift */ = {isa = PBXFileReference; lastKnownFileType = sourcecode.swift; path = DetailViewController.swift; sourceTree = "<group>"; };
		5749257621626BE100E84F79 /* testRappi.app */ = {isa = PBXFileReference; explicitFileType = wrapper.application; includeInIndex = 0; path = testRappi.app; sourceTree = BUILT_PRODUCTS_DIR; };
		5749257921626BE100E84F79 /* AppDelegate.swift */ = {isa = PBXFileReference; lastKnownFileType = sourcecode.swift; path = AppDelegate.swift; sourceTree = "<group>"; };
		5749257B21626BE100E84F79 /* PopularViewController.swift */ = {isa = PBXFileReference; lastKnownFileType = sourcecode.swift; path = PopularViewController.swift; sourceTree = "<group>"; };
		5749257E21626BE100E84F79 /* Base */ = {isa = PBXFileReference; lastKnownFileType = file.storyboard; name = Base; path = Base.lproj/Main.storyboard; sourceTree = "<group>"; };
		5749258121626BE100E84F79 /* testRappi.xcdatamodel */ = {isa = PBXFileReference; lastKnownFileType = wrapper.xcdatamodel; path = testRappi.xcdatamodel; sourceTree = "<group>"; };
		5749258321626BE400E84F79 /* Assets.xcassets */ = {isa = PBXFileReference; lastKnownFileType = folder.assetcatalog; path = Assets.xcassets; sourceTree = "<group>"; };
		5749258621626BE400E84F79 /* Base */ = {isa = PBXFileReference; lastKnownFileType = file.storyboard; name = Base; path = Base.lproj/LaunchScreen.storyboard; sourceTree = "<group>"; };
		5749258821626BE400E84F79 /* Info.plist */ = {isa = PBXFileReference; lastKnownFileType = text.plist.xml; path = Info.plist; sourceTree = "<group>"; };
		574925962162B5D100E84F79 /* AlertsPresenter.swift */ = {isa = PBXFileReference; lastKnownFileType = sourcecode.swift; path = AlertsPresenter.swift; sourceTree = "<group>"; };
		574925992162B61A00E84F79 /* ServicesNames.swift */ = {isa = PBXFileReference; lastKnownFileType = sourcecode.swift; path = ServicesNames.swift; sourceTree = "<group>"; };
		5749259D2162B6A200E84F79 /* HttpMethods.swift */ = {isa = PBXFileReference; lastKnownFileType = sourcecode.swift; path = HttpMethods.swift; sourceTree = "<group>"; };
		5749259F2162B6E400E84F79 /* APIServices.swift */ = {isa = PBXFileReference; lastKnownFileType = sourcecode.swift; path = APIServices.swift; sourceTree = "<group>"; };
		574925A12162B75F00E84F79 /* ActivityPresenter.swift */ = {isa = PBXFileReference; lastKnownFileType = sourcecode.swift; path = ActivityPresenter.swift; sourceTree = "<group>"; };
		574925A42162B93300E84F79 /* DataTypeChanger.swift */ = {isa = PBXFileReference; lastKnownFileType = sourcecode.swift; path = DataTypeChanger.swift; sourceTree = "<group>"; };
		577E8F612167B7C300797746 /* testRappiTests.xctest */ = {isa = PBXFileReference; explicitFileType = wrapper.cfbundle; includeInIndex = 0; path = testRappiTests.xctest; sourceTree = BUILT_PRODUCTS_DIR; };
		577E8F632167B7C300797746 /* testRappiTests.swift */ = {isa = PBXFileReference; lastKnownFileType = sourcecode.swift; path = testRappiTests.swift; sourceTree = "<group>"; };
		577E8F652167B7C400797746 /* Info.plist */ = {isa = PBXFileReference; lastKnownFileType = text.plist.xml; path = Info.plist; sourceTree = "<group>"; };
		57964FB8216586E90062E8C4 /* WebViewController.swift */ = {isa = PBXFileReference; lastKnownFileType = sourcecode.swift; path = WebViewController.swift; sourceTree = "<group>"; };
		57964FBA21658A280062E8C4 /* VideoData.swift */ = {isa = PBXFileReference; lastKnownFileType = sourcecode.swift; path = VideoData.swift; sourceTree = "<group>"; };
		AC99047C2162BCD500676C76 /* Constants.swift */ = {isa = PBXFileReference; lastKnownFileType = sourcecode.swift; path = Constants.swift; sourceTree = "<group>"; };
		AC99047F2162CE2F00676C76 /* MovieData.swift */ = {isa = PBXFileReference; lastKnownFileType = sourcecode.swift; path = MovieData.swift; sourceTree = "<group>"; };
		AC9904822162CFDF00676C76 /* TVSerieData.swift */ = {isa = PBXFileReference; lastKnownFileType = sourcecode.swift; path = TVSerieData.swift; sourceTree = "<group>"; };
		ACC693822163CD8000B0F623 /* MovieCollectionViewCell.swift */ = {isa = PBXFileReference; lastKnownFileType = sourcecode.swift; path = MovieCollectionViewCell.swift; sourceTree = "<group>"; };
		ACC693832163CD8000B0F623 /* MovieCollectionViewCell.xib */ = {isa = PBXFileReference; lastKnownFileType = file.xib; path = MovieCollectionViewCell.xib; sourceTree = "<group>"; };
		ACC693872163DEAA00B0F623 /* UIHelper.swift */ = {isa = PBXFileReference; lastKnownFileType = sourcecode.swift; path = UIHelper.swift; sourceTree = "<group>"; };
		ACC6938D21641A5800B0F623 /* TopRatedViewController.swift */ = {isa = PBXFileReference; lastKnownFileType = sourcecode.swift; path = TopRatedViewController.swift; sourceTree = "<group>"; };
		ACC6939321641B6000B0F623 /* TopRatedMoviesViewController.swift */ = {isa = PBXFileReference; lastKnownFileType = sourcecode.swift; path = TopRatedMoviesViewController.swift; sourceTree = "<group>"; };
		ACC6939521641B7800B0F623 /* TopRatedTVSeriesViewController.swift */ = {isa = PBXFileReference; lastKnownFileType = sourcecode.swift; path = TopRatedTVSeriesViewController.swift; sourceTree = "<group>"; };
		ACD7CC902165341B00039825 /* LoaderFooterView.swift */ = {isa = PBXFileReference; lastKnownFileType = sourcecode.swift; path = LoaderFooterView.swift; sourceTree = "<group>"; };
		ACD7CC912165341B00039825 /* LoaderFooterView.xib */ = {isa = PBXFileReference; lastKnownFileType = file.xib; path = LoaderFooterView.xib; sourceTree = "<group>"; };
		ACD7CC9A216545DC00039825 /* CacheSaver.swift */ = {isa = PBXFileReference; lastKnownFileType = sourcecode.swift; path = CacheSaver.swift; sourceTree = "<group>"; };
		ACD7CC9C2165467300039825 /* MoviesData.swift */ = {isa = PBXFileReference; lastKnownFileType = sourcecode.swift; path = MoviesData.swift; sourceTree = "<group>"; };
		ACD7CC9E2165493C00039825 /* TVSeriesData.swift */ = {isa = PBXFileReference; lastKnownFileType = sourcecode.swift; path = TVSeriesData.swift; sourceTree = "<group>"; };
		ACD7CCA221654A2E00039825 /* CacheGetter.swift */ = {isa = PBXFileReference; lastKnownFileType = sourcecode.swift; path = CacheGetter.swift; sourceTree = "<group>"; };
		ACD7CCA42165692A00039825 /* CacheBase.swift */ = {isa = PBXFileReference; lastKnownFileType = sourcecode.swift; path = CacheBase.swift; sourceTree = "<group>"; };
		ACD7CCA721656ABC00039825 /* NetworkHelper.swift */ = {isa = PBXFileReference; lastKnownFileType = sourcecode.swift; path = NetworkHelper.swift; sourceTree = "<group>"; };
		ACFD8D6F2166918F0096D60B /* ImageCacheItem.swift */ = {isa = PBXFileReference; lastKnownFileType = sourcecode.swift; path = ImageCacheItem.swift; sourceTree = "<group>"; };
		ACFD8D722166920F0096D60B /* CustomImageView.swift */ = {isa = PBXFileReference; lastKnownFileType = sourcecode.swift; path = CustomImageView.swift; sourceTree = "<group>"; };
		ACFD8D7F2166C2F30096D60B /* BaseItem.swift */ = {isa = PBXFileReference; lastKnownFileType = sourcecode.swift; path = BaseItem.swift; sourceTree = "<group>"; };
		ACFD8D822166C9190096D60B /* SearchItem.swift */ = {isa = PBXFileReference; lastKnownFileType = sourcecode.swift; path = SearchItem.swift; sourceTree = "<group>"; };
		ACFD8D852166CADC0096D60B /* SearchViewController.swift */ = {isa = PBXFileReference; lastKnownFileType = sourcecode.swift; path = SearchViewController.swift; sourceTree = "<group>"; };
/* End PBXFileReference section */

/* Begin PBXFrameworksBuildPhase section */
		5749257321626BE100E84F79 /* Frameworks */ = {
			isa = PBXFrameworksBuildPhase;
			buildActionMask = 2147483647;
			files = (
			);
			runOnlyForDeploymentPostprocessing = 0;
		};
		577E8F5E2167B7C300797746 /* Frameworks */ = {
			isa = PBXFrameworksBuildPhase;
			buildActionMask = 2147483647;
			files = (
			);
			runOnlyForDeploymentPostprocessing = 0;
		};
/* End PBXFrameworksBuildPhase section */

/* Begin PBXGroup section */
		572ABBB221644AAB00CAAC08 /* Popular */ = {
			isa = PBXGroup;
			children = (
				572ABBB421644AE800CAAC08 /* PopularMoviesViewController.swift */,
				572ABBB621644AF800CAAC08 /* PopularTVSeriesViewController.swift */,
			);
			path = Popular;
			sourceTree = "<group>";
		};
		5749256D21626BE100E84F79 = {
			isa = PBXGroup;
			children = (
				5749257821626BE100E84F79 /* testRappi */,
				577E8F622167B7C300797746 /* testRappiTests */,
				5749257721626BE100E84F79 /* Products */,
			);
			sourceTree = "<group>";
		};
		5749257721626BE100E84F79 /* Products */ = {
			isa = PBXGroup;
			children = (
				5749257621626BE100E84F79 /* testRappi.app */,
				577E8F612167B7C300797746 /* testRappiTests.xctest */,
			);
			name = Products;
			sourceTree = "<group>";
		};
		5749257821626BE100E84F79 /* testRappi */ = {
			isa = PBXGroup;
			children = (
				AC9904812162CFA800676C76 /* Models */,
				AC99047E2162BCDD00676C76 /* Constants */,
				574925942162B58700E84F79 /* Helpers */,
				5749258E21626DBB00E84F79 /* Controllers */,
				5749258F21626DCF00E84F79 /* Views */,
				5749258321626BE400E84F79 /* Assets.xcassets */,
				5749258821626BE400E84F79 /* Info.plist */,
				5749258021626BE100E84F79 /* testRappi.xcdatamodeld */,
			);
			path = testRappi;
			sourceTree = "<group>";
		};
		5749258E21626DBB00E84F79 /* Controllers */ = {
			isa = PBXGroup;
			children = (
				5749257921626BE100E84F79 /* AppDelegate.swift */,
				ACC6938921641A0400B0F623 /* TabBarControllers */,
				57964FB7216586C10062E8C4 /* Detail */,
			);
			path = Controllers;
			sourceTree = "<group>";
		};
		5749258F21626DCF00E84F79 /* Views */ = {
			isa = PBXGroup;
			children = (
				ACFD8D6E216691700096D60B /* CustomImageView */,
				ACC693812163CD2600B0F623 /* SubViews */,
				ACFD8D6D216691560096D60B /* Storyboards */,
			);
			path = Views;
			sourceTree = "<group>";
		};
		574925942162B58700E84F79 /* Helpers */ = {
			isa = PBXGroup;
			children = (
				ACD7CCA621656A9800039825 /* DeviceHelper */,
				ACD7CCA021654A0B00039825 /* CacheHelper */,
				ACC693862163DE7800B0F623 /* UIHelper */,
				574925982162B5F200E84F79 /* Alerts */,
				5749259C2162B67800E84F79 /* APIRestServices */,
				574925A32162B77900E84F79 /* ActivityPresenter */,
				AC99047B2162B9B500676C76 /* DataTypeChanger */,
			);
			path = Helpers;
			sourceTree = "<group>";
		};
		574925982162B5F200E84F79 /* Alerts */ = {
			isa = PBXGroup;
			children = (
				574925962162B5D100E84F79 /* AlertsPresenter.swift */,
			);
			path = Alerts;
			sourceTree = "<group>";
		};
		5749259B2162B65600E84F79 /* ServicesNames */ = {
			isa = PBXGroup;
			children = (
				574925992162B61A00E84F79 /* ServicesNames.swift */,
			);
			path = ServicesNames;
			sourceTree = "<group>";
		};
		5749259C2162B67800E84F79 /* APIRestServices */ = {
			isa = PBXGroup;
			children = (
				5749259F2162B6E400E84F79 /* APIServices.swift */,
				5749259D2162B6A200E84F79 /* HttpMethods.swift */,
				5749259B2162B65600E84F79 /* ServicesNames */,
			);
			path = APIRestServices;
			sourceTree = "<group>";
		};
		574925A32162B77900E84F79 /* ActivityPresenter */ = {
			isa = PBXGroup;
			children = (
				574925A12162B75F00E84F79 /* ActivityPresenter.swift */,
			);
			path = ActivityPresenter;
			sourceTree = "<group>";
		};
		577E8F622167B7C300797746 /* testRappiTests */ = {
			isa = PBXGroup;
			children = (
				577E8F632167B7C300797746 /* testRappiTests.swift */,
				577E8F652167B7C400797746 /* Info.plist */,
			);
			path = testRappiTests;
			sourceTree = "<group>";
		};
		57964FB7216586C10062E8C4 /* Detail */ = {
			isa = PBXGroup;
			children = (
				572ABBBA21645ABF00CAAC08 /* DetailViewController.swift */,
				ACFD8D872167ACDD0096D60B /* WebViewForVideo */,
			);
			path = Detail;
			sourceTree = "<group>";
		};
		AC99047B2162B9B500676C76 /* DataTypeChanger */ = {
			isa = PBXGroup;
			children = (
				574925A42162B93300E84F79 /* DataTypeChanger.swift */,
			);
			path = DataTypeChanger;
			sourceTree = "<group>";
		};
		AC99047E2162BCDD00676C76 /* Constants */ = {
			isa = PBXGroup;
			children = (
				AC99047C2162BCD500676C76 /* Constants.swift */,
			);
			path = Constants;
			sourceTree = "<group>";
		};
		AC9904812162CFA800676C76 /* Models */ = {
			isa = PBXGroup;
			children = (
				ACFD8D812166C9050096D60B /* SearchItem */,
				ACFD8D7C2166C2A90096D60B /* Movie */,
				ACFD8D7D2166C2B50096D60B /* TVSeries */,
				ACFD8D7E2166C2BE0096D60B /* Video */,
				ACFD8D7F2166C2F30096D60B /* BaseItem.swift */,
			);
			path = Models;
			sourceTree = "<group>";
		};
		ACC693812163CD2600B0F623 /* SubViews */ = {
			isa = PBXGroup;
			children = (
				ACC6939221641B2400B0F623 /* ContainerViews */,
				ACC6939121641B1200B0F623 /* CellViews */,
			);
			path = SubViews;
			sourceTree = "<group>";
		};
		ACC693862163DE7800B0F623 /* UIHelper */ = {
			isa = PBXGroup;
			children = (
				ACC693872163DEAA00B0F623 /* UIHelper.swift */,
			);
			path = UIHelper;
			sourceTree = "<group>";
		};
		ACC6938921641A0400B0F623 /* TabBarControllers */ = {
			isa = PBXGroup;
			children = (
				ACC6938A21641A1600B0F623 /* Popular */,
				ACC6938B21641A1D00B0F623 /* TopRated */,
				ACD7CC8D2165335B00039825 /* Upcoming */,
				ACFD8D842166CAB80096D60B /* Search */,
			);
			path = TabBarControllers;
			sourceTree = "<group>";
		};
		ACC6938A21641A1600B0F623 /* Popular */ = {
			isa = PBXGroup;
			children = (
				5749257B21626BE100E84F79 /* PopularViewController.swift */,
			);
			path = Popular;
			sourceTree = "<group>";
		};
		ACC6938B21641A1D00B0F623 /* TopRated */ = {
			isa = PBXGroup;
			children = (
				ACC6938D21641A5800B0F623 /* TopRatedViewController.swift */,
			);
			path = TopRated;
			sourceTree = "<group>";
		};
		ACC6939121641B1200B0F623 /* CellViews */ = {
			isa = PBXGroup;
			children = (
				ACD7CC8F216533EA00039825 /* FooterReusable */,
				ACD7CC8E216533DB00039825 /* MovieTVSerieCell */,
			);
			path = CellViews;
			sourceTree = "<group>";
		};
		ACC6939221641B2400B0F623 /* ContainerViews */ = {
			isa = PBXGroup;
			children = (
				572ABBB221644AAB00CAAC08 /* Popular */,
				ACC6939721641B7F00B0F623 /* TopRated */,
			);
			path = ContainerViews;
			sourceTree = "<group>";
		};
		ACC6939721641B7F00B0F623 /* TopRated */ = {
			isa = PBXGroup;
			children = (
				ACC6939321641B6000B0F623 /* TopRatedMoviesViewController.swift */,
				ACC6939521641B7800B0F623 /* TopRatedTVSeriesViewController.swift */,
			);
			path = TopRated;
			sourceTree = "<group>";
		};
		ACD7CC8D2165335B00039825 /* Upcoming */ = {
			isa = PBXGroup;
			children = (
				572ABBB8216456B200CAAC08 /* UpcomingViewController.swift */,
			);
			path = Upcoming;
			sourceTree = "<group>";
		};
		ACD7CC8E216533DB00039825 /* MovieTVSerieCell */ = {
			isa = PBXGroup;
			children = (
				ACC693822163CD8000B0F623 /* MovieCollectionViewCell.swift */,
				ACC693832163CD8000B0F623 /* MovieCollectionViewCell.xib */,
			);
			path = MovieTVSerieCell;
			sourceTree = "<group>";
		};
		ACD7CC8F216533EA00039825 /* FooterReusable */ = {
			isa = PBXGroup;
			children = (
				ACD7CC902165341B00039825 /* LoaderFooterView.swift */,
				ACD7CC912165341B00039825 /* LoaderFooterView.xib */,
			);
			path = FooterReusable;
			sourceTree = "<group>";
		};
		ACD7CC99216545BB00039825 /* CacheSaver */ = {
			isa = PBXGroup;
			children = (
				ACD7CC9A216545DC00039825 /* CacheSaver.swift */,
			);
			path = CacheSaver;
			sourceTree = "<group>";
		};
		ACD7CCA021654A0B00039825 /* CacheHelper */ = {
			isa = PBXGroup;
			children = (
				ACD7CCA42165692A00039825 /* CacheBase.swift */,
				ACD7CCA121654A1500039825 /* CacheGetter */,
				ACD7CC99216545BB00039825 /* CacheSaver */,
			);
			path = CacheHelper;
			sourceTree = "<group>";
		};
		ACD7CCA121654A1500039825 /* CacheGetter */ = {
			isa = PBXGroup;
			children = (
				ACD7CCA221654A2E00039825 /* CacheGetter.swift */,
			);
			path = CacheGetter;
			sourceTree = "<group>";
		};
		ACD7CCA621656A9800039825 /* DeviceHelper */ = {
			isa = PBXGroup;
			children = (
				ACD7CCA721656ABC00039825 /* NetworkHelper.swift */,
			);
			path = DeviceHelper;
			sourceTree = "<group>";
		};
		ACFD8D6D216691560096D60B /* Storyboards */ = {
			isa = PBXGroup;
			children = (
				5749257D21626BE100E84F79 /* Main.storyboard */,
				5749258521626BE400E84F79 /* LaunchScreen.storyboard */,
			);
			path = Storyboards;
			sourceTree = "<group>";
		};
		ACFD8D6E216691700096D60B /* CustomImageView */ = {
			isa = PBXGroup;
			children = (
				ACFD8D722166920F0096D60B /* CustomImageView.swift */,
				ACFD8D712166919D0096D60B /* ImageCache */,
			);
			path = CustomImageView;
			sourceTree = "<group>";
		};
		ACFD8D712166919D0096D60B /* ImageCache */ = {
			isa = PBXGroup;
			children = (
				ACFD8D6F2166918F0096D60B /* ImageCacheItem.swift */,
			);
			path = ImageCache;
			sourceTree = "<group>";
		};
		ACFD8D7C2166C2A90096D60B /* Movie */ = {
			isa = PBXGroup;
			children = (
				AC99047F2162CE2F00676C76 /* MovieData.swift */,
				ACD7CC9C2165467300039825 /* MoviesData.swift */,
			);
			path = Movie;
			sourceTree = "<group>";
		};
		ACFD8D7D2166C2B50096D60B /* TVSeries */ = {
			isa = PBXGroup;
			children = (
				AC9904822162CFDF00676C76 /* TVSerieData.swift */,
				ACD7CC9E2165493C00039825 /* TVSeriesData.swift */,
			);
			path = TVSeries;
			sourceTree = "<group>";
		};
		ACFD8D7E2166C2BE0096D60B /* Video */ = {
			isa = PBXGroup;
			children = (
				57964FBA21658A280062E8C4 /* VideoData.swift */,
			);
			path = Video;
			sourceTree = "<group>";
		};
		ACFD8D812166C9050096D60B /* SearchItem */ = {
			isa = PBXGroup;
			children = (
				ACFD8D822166C9190096D60B /* SearchItem.swift */,
			);
			path = SearchItem;
			sourceTree = "<group>";
		};
		ACFD8D842166CAB80096D60B /* Search */ = {
			isa = PBXGroup;
			children = (
				ACFD8D852166CADC0096D60B /* SearchViewController.swift */,
			);
			path = Search;
			sourceTree = "<group>";
		};
		ACFD8D872167ACDD0096D60B /* WebViewForVideo */ = {
			isa = PBXGroup;
			children = (
				57964FB8216586E90062E8C4 /* WebViewController.swift */,
			);
			path = WebViewForVideo;
			sourceTree = "<group>";
		};
/* End PBXGroup section */

/* Begin PBXNativeTarget section */
		5749257521626BE100E84F79 /* testRappi */ = {
			isa = PBXNativeTarget;
			buildConfigurationList = 5749258B21626BE400E84F79 /* Build configuration list for PBXNativeTarget "testRappi" */;
			buildPhases = (
				5749257221626BE100E84F79 /* Sources */,
				5749257321626BE100E84F79 /* Frameworks */,
				5749257421626BE100E84F79 /* Resources */,
			);
			buildRules = (
			);
			dependencies = (
			);
			name = testRappi;
			productName = testRappi;
			productReference = 5749257621626BE100E84F79 /* testRappi.app */;
			productType = "com.apple.product-type.application";
		};
		577E8F602167B7C300797746 /* testRappiTests */ = {
			isa = PBXNativeTarget;
			buildConfigurationList = 577E8F6A2167B7C400797746 /* Build configuration list for PBXNativeTarget "testRappiTests" */;
			buildPhases = (
				577E8F5D2167B7C300797746 /* Sources */,
				577E8F5E2167B7C300797746 /* Frameworks */,
				577E8F5F2167B7C300797746 /* Resources */,
			);
			buildRules = (
			);
			dependencies = (
				577E8F672167B7C400797746 /* PBXTargetDependency */,
			);
			name = testRappiTests;
			productName = testRappiTests;
			productReference = 577E8F612167B7C300797746 /* testRappiTests.xctest */;
			productType = "com.apple.product-type.bundle.unit-test";
		};
/* End PBXNativeTarget section */

/* Begin PBXProject section */
		5749256E21626BE100E84F79 /* Project object */ = {
			isa = PBXProject;
			attributes = {
				LastSwiftUpdateCheck = 1000;
				LastUpgradeCheck = 1000;
				ORGANIZATIONNAME = chila;
				TargetAttributes = {
					5749257521626BE100E84F79 = {
						CreatedOnToolsVersion = 10.0;
					};
					577E8F602167B7C300797746 = {
						CreatedOnToolsVersion = 10.0;
						TestTargetID = 5749257521626BE100E84F79;
					};
				};
			};
			buildConfigurationList = 5749257121626BE100E84F79 /* Build configuration list for PBXProject "testRappi" */;
			compatibilityVersion = "Xcode 9.3";
			developmentRegion = en;
			hasScannedForEncodings = 0;
			knownRegions = (
				en,
				Base,
			);
			mainGroup = 5749256D21626BE100E84F79;
			productRefGroup = 5749257721626BE100E84F79 /* Products */;
			projectDirPath = "";
			projectRoot = "";
			targets = (
				5749257521626BE100E84F79 /* testRappi */,
				577E8F602167B7C300797746 /* testRappiTests */,
			);
		};
/* End PBXProject section */

/* Begin PBXResourcesBuildPhase section */
		5749257421626BE100E84F79 /* Resources */ = {
			isa = PBXResourcesBuildPhase;
			buildActionMask = 2147483647;
			files = (
				5749258721626BE400E84F79 /* LaunchScreen.storyboard in Resources */,
				5749258421626BE400E84F79 /* Assets.xcassets in Resources */,
				5749257F21626BE100E84F79 /* Main.storyboard in Resources */,
				ACC693852163CD8000B0F623 /* MovieCollectionViewCell.xib in Resources */,
				ACD7CC932165341B00039825 /* LoaderFooterView.xib in Resources */,
			);
			runOnlyForDeploymentPostprocessing = 0;
		};
		577E8F5F2167B7C300797746 /* Resources */ = {
			isa = PBXResourcesBuildPhase;
			buildActionMask = 2147483647;
			files = (
			);
			runOnlyForDeploymentPostprocessing = 0;
		};
/* End PBXResourcesBuildPhase section */

/* Begin PBXSourcesBuildPhase section */
		5749257221626BE100E84F79 /* Sources */ = {
			isa = PBXSourcesBuildPhase;
			buildActionMask = 2147483647;
			files = (
				ACD7CCA321654A2E00039825 /* CacheGetter.swift in Sources */,
				ACD7CC9B216545DD00039825 /* CacheSaver.swift in Sources */,
				AC9904802162CE2F00676C76 /* MovieData.swift in Sources */,
				572ABBB521644AE800CAAC08 /* PopularMoviesViewController.swift in Sources */,
				ACD7CC922165341B00039825 /* LoaderFooterView.swift in Sources */,
				574925972162B5D100E84F79 /* AlertsPresenter.swift in Sources */,
				ACC6939421641B6000B0F623 /* TopRatedMoviesViewController.swift in Sources */,
				ACFD8D732166920F0096D60B /* CustomImageView.swift in Sources */,
				AC99047D2162BCD500676C76 /* Constants.swift in Sources */,
				5749257C21626BE100E84F79 /* PopularViewController.swift in Sources */,
				574925A02162B6E400E84F79 /* APIServices.swift in Sources */,
				5749259E2162B6A200E84F79 /* HttpMethods.swift in Sources */,
				574925A52162B93300E84F79 /* DataTypeChanger.swift in Sources */,
				5749259A2162B61A00E84F79 /* ServicesNames.swift in Sources */,
				ACFD8D832166C9190096D60B /* SearchItem.swift in Sources */,
				ACFD8D862166CADC0096D60B /* SearchViewController.swift in Sources */,
				57964FB9216586E90062E8C4 /* WebViewController.swift in Sources */,
				ACC693882163DEAA00B0F623 /* UIHelper.swift in Sources */,
				ACFD8D802166C2F30096D60B /* BaseItem.swift in Sources */,
				ACD7CCA821656ABC00039825 /* NetworkHelper.swift in Sources */,
				57964FBB21658A280062E8C4 /* VideoData.swift in Sources */,
				ACD7CC9D2165467300039825 /* MoviesData.swift in Sources */,
				572ABBBB21645ABF00CAAC08 /* DetailViewController.swift in Sources */,
				ACC6938E21641A5800B0F623 /* TopRatedViewController.swift in Sources */,
				ACD7CCA52165692A00039825 /* CacheBase.swift in Sources */,
				572ABBB9216456B200CAAC08 /* UpcomingViewController.swift in Sources */,
				574925A22162B75F00E84F79 /* ActivityPresenter.swift in Sources */,
				5749257A21626BE100E84F79 /* AppDelegate.swift in Sources */,
				ACD7CC9F2165493C00039825 /* TVSeriesData.swift in Sources */,
				ACC6939621641B7800B0F623 /* TopRatedTVSeriesViewController.swift in Sources */,
				ACC693842163CD8000B0F623 /* MovieCollectionViewCell.swift in Sources */,
				572ABBB721644AF800CAAC08 /* PopularTVSeriesViewController.swift in Sources */,
				ACFD8D702166918F0096D60B /* ImageCacheItem.swift in Sources */,
				5749258221626BE100E84F79 /* testRappi.xcdatamodeld in Sources */,
				AC9904832162CFDF00676C76 /* TVSerieData.swift in Sources */,
			);
			runOnlyForDeploymentPostprocessing = 0;
		};
		577E8F5D2167B7C300797746 /* Sources */ = {
			isa = PBXSourcesBuildPhase;
			buildActionMask = 2147483647;
			files = (
				577E8F642167B7C300797746 /* testRappiTests.swift in Sources */,
			);
			runOnlyForDeploymentPostprocessing = 0;
		};
/* End PBXSourcesBuildPhase section */

/* Begin PBXTargetDependency section */
		577E8F672167B7C400797746 /* PBXTargetDependency */ = {
			isa = PBXTargetDependency;
			target = 5749257521626BE100E84F79 /* testRappi */;
			targetProxy = 577E8F662167B7C400797746 /* PBXContainerItemProxy */;
		};
/* End PBXTargetDependency section */

/* Begin PBXVariantGroup section */
		5749257D21626BE100E84F79 /* Main.storyboard */ = {
			isa = PBXVariantGroup;
			children = (
				5749257E21626BE100E84F79 /* Base */,
			);
			name = Main.storyboard;
			sourceTree = "<group>";
		};
		5749258521626BE400E84F79 /* LaunchScreen.storyboard */ = {
			isa = PBXVariantGroup;
			children = (
				5749258621626BE400E84F79 /* Base */,
			);
			name = LaunchScreen.storyboard;
			sourceTree = "<group>";
		};
/* End PBXVariantGroup section */

/* Begin XCBuildConfiguration section */
		5749258921626BE400E84F79 /* Debug */ = {
			isa = XCBuildConfiguration;
			buildSettings = {
				ALWAYS_SEARCH_USER_PATHS = NO;
				CLANG_ANALYZER_NONNULL = YES;
				CLANG_ANALYZER_NUMBER_OBJECT_CONVERSION = YES_AGGRESSIVE;
				CLANG_CXX_LANGUAGE_STANDARD = "gnu++14";
				CLANG_CXX_LIBRARY = "libc++";
				CLANG_ENABLE_MODULES = YES;
				CLANG_ENABLE_OBJC_ARC = YES;
				CLANG_ENABLE_OBJC_WEAK = YES;
				CLANG_WARN_BLOCK_CAPTURE_AUTORELEASING = YES;
				CLANG_WARN_BOOL_CONVERSION = YES;
				CLANG_WARN_COMMA = YES;
				CLANG_WARN_CONSTANT_CONVERSION = YES;
				CLANG_WARN_DEPRECATED_OBJC_IMPLEMENTATIONS = YES;
				CLANG_WARN_DIRECT_OBJC_ISA_USAGE = YES_ERROR;
				CLANG_WARN_DOCUMENTATION_COMMENTS = YES;
				CLANG_WARN_EMPTY_BODY = YES;
				CLANG_WARN_ENUM_CONVERSION = YES;
				CLANG_WARN_INFINITE_RECURSION = YES;
				CLANG_WARN_INT_CONVERSION = YES;
				CLANG_WARN_NON_LITERAL_NULL_CONVERSION = YES;
				CLANG_WARN_OBJC_IMPLICIT_RETAIN_SELF = YES;
				CLANG_WARN_OBJC_LITERAL_CONVERSION = YES;
				CLANG_WARN_OBJC_ROOT_CLASS = YES_ERROR;
				CLANG_WARN_RANGE_LOOP_ANALYSIS = YES;
				CLANG_WARN_STRICT_PROTOTYPES = YES;
				CLANG_WARN_SUSPICIOUS_MOVE = YES;
				CLANG_WARN_UNGUARDED_AVAILABILITY = YES_AGGRESSIVE;
				CLANG_WARN_UNREACHABLE_CODE = YES;
				CLANG_WARN__DUPLICATE_METHOD_MATCH = YES;
				CODE_SIGN_IDENTITY = "iPhone Developer";
				COPY_PHASE_STRIP = NO;
				DEBUG_INFORMATION_FORMAT = dwarf;
				ENABLE_STRICT_OBJC_MSGSEND = YES;
				ENABLE_TESTABILITY = YES;
				GCC_C_LANGUAGE_STANDARD = gnu11;
				GCC_DYNAMIC_NO_PIC = NO;
				GCC_NO_COMMON_BLOCKS = YES;
				GCC_OPTIMIZATION_LEVEL = 0;
				GCC_PREPROCESSOR_DEFINITIONS = (
					"DEBUG=1",
					"$(inherited)",
				);
				GCC_WARN_64_TO_32_BIT_CONVERSION = YES;
				GCC_WARN_ABOUT_RETURN_TYPE = YES_ERROR;
				GCC_WARN_UNDECLARED_SELECTOR = YES;
				GCC_WARN_UNINITIALIZED_AUTOS = YES_AGGRESSIVE;
				GCC_WARN_UNUSED_FUNCTION = YES;
				GCC_WARN_UNUSED_VARIABLE = YES;
				IPHONEOS_DEPLOYMENT_TARGET = 12.0;
				MTL_ENABLE_DEBUG_INFO = INCLUDE_SOURCE;
				MTL_FAST_MATH = YES;
				ONLY_ACTIVE_ARCH = YES;
				SDKROOT = iphoneos;
				SWIFT_ACTIVE_COMPILATION_CONDITIONS = DEBUG;
				SWIFT_OPTIMIZATION_LEVEL = "-Onone";
			};
			name = Debug;
		};
		5749258A21626BE400E84F79 /* Release */ = {
			isa = XCBuildConfiguration;
			buildSettings = {
				ALWAYS_SEARCH_USER_PATHS = NO;
				CLANG_ANALYZER_NONNULL = YES;
				CLANG_ANALYZER_NUMBER_OBJECT_CONVERSION = YES_AGGRESSIVE;
				CLANG_CXX_LANGUAGE_STANDARD = "gnu++14";
				CLANG_CXX_LIBRARY = "libc++";
				CLANG_ENABLE_MODULES = YES;
				CLANG_ENABLE_OBJC_ARC = YES;
				CLANG_ENABLE_OBJC_WEAK = YES;
				CLANG_WARN_BLOCK_CAPTURE_AUTORELEASING = YES;
				CLANG_WARN_BOOL_CONVERSION = YES;
				CLANG_WARN_COMMA = YES;
				CLANG_WARN_CONSTANT_CONVERSION = YES;
				CLANG_WARN_DEPRECATED_OBJC_IMPLEMENTATIONS = YES;
				CLANG_WARN_DIRECT_OBJC_ISA_USAGE = YES_ERROR;
				CLANG_WARN_DOCUMENTATION_COMMENTS = YES;
				CLANG_WARN_EMPTY_BODY = YES;
				CLANG_WARN_ENUM_CONVERSION = YES;
				CLANG_WARN_INFINITE_RECURSION = YES;
				CLANG_WARN_INT_CONVERSION = YES;
				CLANG_WARN_NON_LITERAL_NULL_CONVERSION = YES;
				CLANG_WARN_OBJC_IMPLICIT_RETAIN_SELF = YES;
				CLANG_WARN_OBJC_LITERAL_CONVERSION = YES;
				CLANG_WARN_OBJC_ROOT_CLASS = YES_ERROR;
				CLANG_WARN_RANGE_LOOP_ANALYSIS = YES;
				CLANG_WARN_STRICT_PROTOTYPES = YES;
				CLANG_WARN_SUSPICIOUS_MOVE = YES;
				CLANG_WARN_UNGUARDED_AVAILABILITY = YES_AGGRESSIVE;
				CLANG_WARN_UNREACHABLE_CODE = YES;
				CLANG_WARN__DUPLICATE_METHOD_MATCH = YES;
				CODE_SIGN_IDENTITY = "iPhone Developer";
				COPY_PHASE_STRIP = NO;
				DEBUG_INFORMATION_FORMAT = "dwarf-with-dsym";
				ENABLE_NS_ASSERTIONS = NO;
				ENABLE_STRICT_OBJC_MSGSEND = YES;
				GCC_C_LANGUAGE_STANDARD = gnu11;
				GCC_NO_COMMON_BLOCKS = YES;
				GCC_WARN_64_TO_32_BIT_CONVERSION = YES;
				GCC_WARN_ABOUT_RETURN_TYPE = YES_ERROR;
				GCC_WARN_UNDECLARED_SELECTOR = YES;
				GCC_WARN_UNINITIALIZED_AUTOS = YES_AGGRESSIVE;
				GCC_WARN_UNUSED_FUNCTION = YES;
				GCC_WARN_UNUSED_VARIABLE = YES;
				IPHONEOS_DEPLOYMENT_TARGET = 12.0;
				MTL_ENABLE_DEBUG_INFO = NO;
				MTL_FAST_MATH = YES;
				SDKROOT = iphoneos;
				SWIFT_COMPILATION_MODE = wholemodule;
				SWIFT_OPTIMIZATION_LEVEL = "-O";
				VALIDATE_PRODUCT = YES;
			};
			name = Release;
		};
		5749258C21626BE400E84F79 /* Debug */ = {
			isa = XCBuildConfiguration;
			buildSettings = {
				ASSETCATALOG_COMPILER_APPICON_NAME = AppIcon;
				CODE_SIGN_STYLE = Automatic;
				DEVELOPMENT_TEAM = 27P576DGD8;
				INFOPLIST_FILE = testRappi/Info.plist;
				IPHONEOS_DEPLOYMENT_TARGET = 11.0;
				LD_RUNPATH_SEARCH_PATHS = (
					"$(inherited)",
					"@executable_path/Frameworks",
				);
				PRODUCT_BUNDLE_IDENTIFIER = com.chilapcool.testRappi;
				PRODUCT_NAME = "$(TARGET_NAME)";
				SWIFT_VERSION = 4.2;
				TARGETED_DEVICE_FAMILY = 1;
			};
			name = Debug;
		};
		5749258D21626BE400E84F79 /* Release */ = {
			isa = XCBuildConfiguration;
			buildSettings = {
				ASSETCATALOG_COMPILER_APPICON_NAME = AppIcon;
				CODE_SIGN_STYLE = Automatic;
				DEVELOPMENT_TEAM = 27P576DGD8;
				INFOPLIST_FILE = testRappi/Info.plist;
				IPHONEOS_DEPLOYMENT_TARGET = 11.0;
				LD_RUNPATH_SEARCH_PATHS = (
					"$(inherited)",
					"@executable_path/Frameworks",
				);
				PRODUCT_BUNDLE_IDENTIFIER = com.chilapcool.testRappi;
				PRODUCT_NAME = "$(TARGET_NAME)";
				SWIFT_VERSION = 4.2;
				TARGETED_DEVICE_FAMILY = 1;
			};
			name = Release;
		};
		577E8F682167B7C400797746 /* Debug */ = {
			isa = XCBuildConfiguration;
			buildSettings = {
				BUNDLE_LOADER = "$(TEST_HOST)";
				CODE_SIGN_STYLE = Automatic;
				DEVELOPMENT_TEAM = 27P576DGD8;
				INFOPLIST_FILE = testRappiTests/Info.plist;
				LD_RUNPATH_SEARCH_PATHS = (
					"$(inherited)",
					"@executable_path/Frameworks",
					"@loader_path/Frameworks",
				);
				PRODUCT_BUNDLE_IDENTIFIER = com.chilapcool.testRappiTests;
				PRODUCT_NAME = "$(TARGET_NAME)";
				SWIFT_VERSION = 4.2;
				TARGETED_DEVICE_FAMILY = "1,2";
				TEST_HOST = "$(BUILT_PRODUCTS_DIR)/testRappi.app/testRappi";
			};
			name = Debug;
		};
		577E8F692167B7C400797746 /* Release */ = {
			isa = XCBuildConfiguration;
			buildSettings = {
				BUNDLE_LOADER = "$(TEST_HOST)";
				CODE_SIGN_STYLE = Automatic;
				DEVELOPMENT_TEAM = 27P576DGD8;
				INFOPLIST_FILE = testRappiTests/Info.plist;
				LD_RUNPATH_SEARCH_PATHS = (
					"$(inherited)",
					"@executable_path/Frameworks",
					"@loader_path/Frameworks",
				);
				PRODUCT_BUNDLE_IDENTIFIER = com.chilapcool.testRappiTests;
				PRODUCT_NAME = "$(TARGET_NAME)";
				SWIFT_VERSION = 4.2;
				TARGETED_DEVICE_FAMILY = "1,2";
				TEST_HOST = "$(BUILT_PRODUCTS_DIR)/testRappi.app/testRappi";
			};
			name = Release;
		};
/* End XCBuildConfiguration section */

/* Begin XCConfigurationList section */
		5749257121626BE100E84F79 /* Build configuration list for PBXProject "testRappi" */ = {
			isa = XCConfigurationList;
			buildConfigurations = (
				5749258921626BE400E84F79 /* Debug */,
				5749258A21626BE400E84F79 /* Release */,
			);
			defaultConfigurationIsVisible = 0;
			defaultConfigurationName = Release;
		};
		5749258B21626BE400E84F79 /* Build configuration list for PBXNativeTarget "testRappi" */ = {
			isa = XCConfigurationList;
			buildConfigurations = (
				5749258C21626BE400E84F79 /* Debug */,
				5749258D21626BE400E84F79 /* Release */,
			);
			defaultConfigurationIsVisible = 0;
			defaultConfigurationName = Release;
		};
		577E8F6A2167B7C400797746 /* Build configuration list for PBXNativeTarget "testRappiTests" */ = {
			isa = XCConfigurationList;
			buildConfigurations = (
				577E8F682167B7C400797746 /* Debug */,
				577E8F692167B7C400797746 /* Release */,
			);
			defaultConfigurationIsVisible = 0;
			defaultConfigurationName = Release;
		};
/* End XCConfigurationList section */

/* Begin XCVersionGroup section */
		5749258021626BE100E84F79 /* testRappi.xcdatamodeld */ = {
			isa = XCVersionGroup;
			children = (
				5749258121626BE100E84F79 /* testRappi.xcdatamodel */,
			);
			currentVersion = 5749258121626BE100E84F79 /* testRappi.xcdatamodel */;
			path = testRappi.xcdatamodeld;
			sourceTree = "<group>";
			versionGroupType = wrapper.xcdatamodel;
		};
/* End XCVersionGroup section */
	};
	rootObject = 5749256E21626BE100E84F79 /* Project object */;
}
